{
  "object": {
    "pins": [
      {
        "package": "SwiftSVG",
        "repositoryURL": "https://github.com/mchoe/SwiftSVG.git",
        "state": {
          "branch": "master",
          "revision": "88b9ee086b29019e35f6f49c8e30e5552eb8fa9d",
          "version": null
        }
      }
    ]
  },
  "version": 1
}
